
Microsoft Visual Studio Solution File, Format Version 12.00
# Visual Studio Version 16
VisualStudioVersion = 16.0.30611.23
MinimumVisualStudioVersion = 10.0.40219.1
Project("{FAE04EC0-301F-11D3-BF4B-00C04F79EFBC}") = "Acme.BusinessLayer", "Acme.BusinessLayer\Acme.BusinessLayer.csproj", "{AB6C9089-B8F8-4B53-9F2D-6E583702D63E}"
EndProject
Global
	GlobalSection(SolutionConfigurationPlatforms) = preSolution
		Debug|Any CPU = Debug|Any CPU
		Release|Any CPU = Release|Any CPU
	EndGlobalSection
	GlobalSection(ProjectConfigurationPlatforms) = postSolution
		{AB6C9089-B8F8-4B53-9F2D-6E583702D63E}.Debug|Any CPU.ActiveCfg = Debug|Any CPU
		{AB6C9089-B8F8-4B53-9F2D-6E583702D63E}.Debug|Any CPU.Build.0 = Debug|Any CPU
		{AB6C9089-B8F8-4B53-9F2D-6E583702D63E}.Release|Any CPU.ActiveCfg = Release|Any CPU
		{AB6C9089-B8F8-4B53-9F2D-6E583702D63E}.Release|Any CPU.Build.0 = Release|Any CPU
	EndGlobalSection
	GlobalSection(SolutionProperties) = preSolution
		HideSolutionNode = FALSE
	EndGlobalSection
	GlobalSection(ExtensibilityGlobals) = postSolution
		SolutionGuid = {BB786856-C561-46A3-88C5-43D4B8FB273E}
	EndGlobalSection
EndGlobal
